
Microsoft Visual Studio Solution File, Format Version 12.00
# Visual Studio 14
VisualStudioVersion = 14.0.25420.1
MinimumVisualStudioVersion = 10.0.40219.1
Project("{FAE04EC0-301F-11D3-BF4B-00C04F79EFBC}") = "PluginTwitchChat", "PluginTwitch\PluginTwitchChat.csproj", "{D31F73ED-3978-44FA-B599-49584BA30D3A}"
	ProjectSection(ProjectDependencies) = postProject
		{1121C31E-F1D8-4E8C-BED1-B418E2D7B698} = {1121C31E-F1D8-4E8C-BED1-B418E2D7B698}
	EndProjectSection
EndProject
Project("{8BC9CEB8-8B4A-11D0-8D11-00A0C91BC942}") = "StringMeasurer", "StringMeasurer\StringMeasure.vcxproj", "{1121C31E-F1D8-4E8C-BED1-B418E2D7B698}"
EndProject
Project("{8BC9CEB8-8B4A-11D0-8D11-00A0C91BC942}") = "Test", "Test\Test.vcxproj", "{ED235517-C6D6-49CC-9ECC-C80E0069D9A5}"
EndProject
Global
	GlobalSection(SolutionConfigurationPlatforms) = preSolution
		Debug|Any CPU = Debug|Any CPU
		Debug|x64 = Debug|x64
		Debug|x86 = Debug|x86
		Release|Any CPU = Release|Any CPU
		Release|x64 = Release|x64
		Release|x86 = Release|x86
	EndGlobalSection
	GlobalSection(ProjectConfigurationPlatforms) = postSolution
		{D31F73ED-3978-44FA-B599-49584BA30D3A}.Debug|Any CPU.ActiveCfg = Debug|x86
		{D31F73ED-3978-44FA-B599-49584BA30D3A}.Debug|x64.ActiveCfg = Debug|x64
		{D31F73ED-3978-44FA-B599-49584BA30D3A}.Debug|x64.Build.0 = Debug|x64
		{D31F73ED-3978-44FA-B599-49584BA30D3A}.Debug|x86.ActiveCfg = Debug|x86
		{D31F73ED-3978-44FA-B599-49584BA30D3A}.Debug|x86.Build.0 = Debug|x86
		{D31F73ED-3978-44FA-B599-49584BA30D3A}.Release|Any CPU.ActiveCfg = Release|x86
		{D31F73ED-3978-44FA-B599-49584BA30D3A}.Release|x64.ActiveCfg = Release|x64
		{D31F73ED-3978-44FA-B599-49584BA30D3A}.Release|x64.Build.0 = Release|x64
		{D31F73ED-3978-44FA-B599-49584BA30D3A}.Release|x86.ActiveCfg = Release|x86
		{D31F73ED-3978-44FA-B599-49584BA30D3A}.Release|x86.Build.0 = Release|x86
		{1121C31E-F1D8-4E8C-BED1-B418E2D7B698}.Debug|Any CPU.ActiveCfg = Debug|Win32
		{1121C31E-F1D8-4E8C-BED1-B418E2D7B698}.Debug|x64.ActiveCfg = Debug|x64
		{1121C31E-F1D8-4E8C-BED1-B418E2D7B698}.Debug|x64.Build.0 = Debug|x64
		{1121C31E-F1D8-4E8C-BED1-B418E2D7B698}.Debug|x86.ActiveCfg = Debug|Win32
		{1121C31E-F1D8-4E8C-BED1-B418E2D7B698}.Debug|x86.Build.0 = Debug|Win32
		{1121C31E-F1D8-4E8C-BED1-B418E2D7B698}.Release|Any CPU.ActiveCfg = Release|Win32
		{1121C31E-F1D8-4E8C-BED1-B418E2D7B698}.Release|x64.ActiveCfg = Release|x64
		{1121C31E-F1D8-4E8C-BED1-B418E2D7B698}.Release|x64.Build.0 = Release|x64
		{1121C31E-F1D8-4E8C-BED1-B418E2D7B698}.Release|x86.ActiveCfg = Release|Win32
		{1121C31E-F1D8-4E8C-BED1-B418E2D7B698}.Release|x86.Build.0 = Release|Win32
		{ED235517-C6D6-49CC-9ECC-C80E0069D9A5}.Debug|Any CPU.ActiveCfg = Debug|Win32
		{ED235517-C6D6-49CC-9ECC-C80E0069D9A5}.Debug|x64.ActiveCfg = Debug|x64
		{ED235517-C6D6-49CC-9ECC-C80E0069D9A5}.Debug|x64.Build.0 = Debug|x64
		{ED235517-C6D6-49CC-9ECC-C80E0069D9A5}.Debug|x86.ActiveCfg = Debug|Win32
		{ED235517-C6D6-49CC-9ECC-C80E0069D9A5}.Debug|x86.Build.0 = Debug|Win32
		{ED235517-C6D6-49CC-9ECC-C80E0069D9A5}.Release|Any CPU.ActiveCfg = Release|Win32
		{ED235517-C6D6-49CC-9ECC-C80E0069D9A5}.Release|x64.ActiveCfg = Release|x64
		{ED235517-C6D6-49CC-9ECC-C80E0069D9A5}.Release|x64.Build.0 = Release|x64
		{ED235517-C6D6-49CC-9ECC-C80E0069D9A5}.Release|x86.ActiveCfg = Release|Win32
		{ED235517-C6D6-49CC-9ECC-C80E0069D9A5}.Release|x86.Build.0 = Release|Win32
	EndGlobalSection
	GlobalSection(SolutionProperties) = preSolution
		HideSolutionNode = FALSE
	EndGlobalSection
EndGlobal
